<?xml version="1.0" encoding="utf-8"?>
<Project ToolsVersion="4.0" xmlns="http://schemas.microsoft.com/developer/msbuild/2003">
  <ItemGroup>
    <ClInclude Include="src\graphics\window.h" />
    <ClInclude Include="src\math\vec4.h" />
    <ClInclude Include="src\math\vec2.h" />
    <ClInclude Include="src\math\vec3.h" />
    <ClInclude Include="src\math\mat4.h" />
    <ClInclude Include="src\math\math_util.h" />
  </ItemGroup>
  <ItemGroup>
    <ClCompile Include="main.cpp" />
    <ClCompile Include="src\graphics\window.cpp" />
    <ClCompile Include="src\math\vec2.cpp" />
    <ClCompile Include="src\math\vec3.cpp" />
    <ClCompile Include="src\math\vec4.cpp" />
    <ClCompile Include="src\math\math.h" />
    <ClCompile Include="src\math\mat4.cpp" />
  </ItemGroup>
  <ItemGroup>
    <None Include="Engine-Core.aps" />
  </ItemGroup>
</Project>